
Microsoft Visual Studio Solution File, Format Version 12.00
# Visual Studio Version 17
VisualStudioVersion = 17.13.35825.156 d17.13
MinimumVisualStudioVersion = 10.0.40219.1
Project("{FAE04EC0-301F-11D3-BF4B-00C04F79EFBC}") = "BookApp", "BookApp.csproj", "{5F588FF0-F28B-4C8E-A0D6-859C2B8DDDB7}"
EndProject
Project("{FAE04EC0-301F-11D3-BF4B-00C04F79EFBC}") = "BusinessLayer", "..\BusinessLayer\BusinessLayer.csproj", "{CF5E59F9-D2D8-4E9F-9823-63F8C80950F8}"
EndProject
Project("{FAE04EC0-301F-11D3-BF4B-00C04F79EFBC}") = "RepositoryLayer", "..\RepositoryLayer\RepositoryLayer.csproj", "{3B442289-A8BD-43A9-B25F-7E21A59607D8}"
EndProject
Project("{FAE04EC0-301F-11D3-BF4B-00C04F79EFBC}") = "ModelLayer", "..\ModelLayer\ModelLayer.csproj", "{DA2822D8-F28B-4C21-A00C-860322A454EE}"
EndProject
Global
	GlobalSection(SolutionConfigurationPlatforms) = preSolution
		Debug|Any CPU = Debug|Any CPU
		Release|Any CPU = Release|Any CPU
	EndGlobalSection
	GlobalSection(ProjectConfigurationPlatforms) = postSolution
		{5F588FF0-F28B-4C8E-A0D6-859C2B8DDDB7}.Debug|Any CPU.ActiveCfg = Debug|Any CPU
		{5F588FF0-F28B-4C8E-A0D6-859C2B8DDDB7}.Debug|Any CPU.Build.0 = Debug|Any CPU
		{5F588FF0-F28B-4C8E-A0D6-859C2B8DDDB7}.Release|Any CPU.ActiveCfg = Release|Any CPU
		{5F588FF0-F28B-4C8E-A0D6-859C2B8DDDB7}.Release|Any CPU.Build.0 = Release|Any CPU
		{CF5E59F9-D2D8-4E9F-9823-63F8C80950F8}.Debug|Any CPU.ActiveCfg = Debug|Any CPU
		{CF5E59F9-D2D8-4E9F-9823-63F8C80950F8}.Debug|Any CPU.Build.0 = Debug|Any CPU
		{CF5E59F9-D2D8-4E9F-9823-63F8C80950F8}.Release|Any CPU.ActiveCfg = Release|Any CPU
		{CF5E59F9-D2D8-4E9F-9823-63F8C80950F8}.Release|Any CPU.Build.0 = Release|Any CPU
		{3B442289-A8BD-43A9-B25F-7E21A59607D8}.Debug|Any CPU.ActiveCfg = Debug|Any CPU
		{3B442289-A8BD-43A9-B25F-7E21A59607D8}.Debug|Any CPU.Build.0 = Debug|Any CPU
		{3B442289-A8BD-43A9-B25F-7E21A59607D8}.Release|Any CPU.ActiveCfg = Release|Any CPU
		{3B442289-A8BD-43A9-B25F-7E21A59607D8}.Release|Any CPU.Build.0 = Release|Any CPU
		{DA2822D8-F28B-4C21-A00C-860322A454EE}.Debug|Any CPU.ActiveCfg = Debug|Any CPU
		{DA2822D8-F28B-4C21-A00C-860322A454EE}.Debug|Any CPU.Build.0 = Debug|Any CPU
		{DA2822D8-F28B-4C21-A00C-860322A454EE}.Release|Any CPU.ActiveCfg = Release|Any CPU
		{DA2822D8-F28B-4C21-A00C-860322A454EE}.Release|Any CPU.Build.0 = Release|Any CPU
	EndGlobalSection
	GlobalSection(SolutionProperties) = preSolution
		HideSolutionNode = FALSE
	EndGlobalSection
	GlobalSection(ExtensibilityGlobals) = postSolution
		SolutionGuid = {FE221B3A-EBE0-482E-ABA9-C3DD24D11DD8}
	EndGlobalSection
EndGlobal
